// !$*UTF8*$!
{
	archiveVersion = 1;
	classes = {
	};
	objectVersion = 46;
	objects = {

/* Begin PBXBuildFile section */
		52D0FC401C1E70A100281872 /* AppDelegate.swift in Sources */ = {isa = PBXBuildFile; fileRef = 52D0FC3F1C1E70A100281872 /* AppDelegate.swift */; };
		52D0FC421C1E70A100281872 /* ViewController.swift in Sources */ = {isa = PBXBuildFile; fileRef = 52D0FC411C1E70A100281872 /* ViewController.swift */; };
		52D0FC451C1E70A100281872 /* Main.storyboard in Resources */ = {isa = PBXBuildFile; fileRef = 52D0FC431C1E70A100281872 /* Main.storyboard */; };
		52D0FC471C1E70A100281872 /* Assets.xcassets in Resources */ = {isa = PBXBuildFile; fileRef = 52D0FC461C1E70A100281872 /* Assets.xcassets */; };
		52D0FC4A1C1E70A100281872 /* LaunchScreen.storyboard in Resources */ = {isa = PBXBuildFile; fileRef = 52D0FC481C1E70A100281872 /* LaunchScreen.storyboard */; };
		52D0FC551C1E70A100281872 /* Password_Swift_Tests.swift in Sources */ = {isa = PBXBuildFile; fileRef = 52D0FC541C1E70A100281872 /* Password_Swift_Tests.swift */; };
		52D0FC601C1E70A100281872 /* Password_Swift_UITests.swift in Sources */ = {isa = PBXBuildFile; fileRef = 52D0FC5F1C1E70A100281872 /* Password_Swift_UITests.swift */; };
		52D0FC6E1C1E70DA00281872 /* ZSPasswordView.swift in Sources */ = {isa = PBXBuildFile; fileRef = 52D0FC6D1C1E70DA00281872 /* ZSPasswordView.swift */; };
/* End PBXBuildFile section */

/* Begin PBXContainerItemProxy section */
		52D0FC511C1E70A100281872 /* PBXContainerItemProxy */ = {
			isa = PBXContainerItemProxy;
			containerPortal = 52D0FC341C1E70A100281872 /* Project object */;
			proxyType = 1;
			remoteGlobalIDString = 52D0FC3B1C1E70A100281872;
			remoteInfo = "Password(Swift)";
		};
		52D0FC5C1C1E70A100281872 /* PBXContainerItemProxy */ = {
			isa = PBXContainerItemProxy;
			containerPortal = 52D0FC341C1E70A100281872 /* Project object */;
			proxyType = 1;
			remoteGlobalIDString = 52D0FC3B1C1E70A100281872;
			remoteInfo = "Password(Swift)";
		};
/* End PBXContainerItemProxy section */

/* Begin PBXFileReference section */
		52D0FC3C1C1E70A100281872 /* Password(Swift).app */ = {isa = PBXFileReference; explicitFileType = wrapper.application; includeInIndex = 0; path = "Password(Swift).app"; sourceTree = BUILT_PRODUCTS_DIR; };
		52D0FC3F1C1E70A100281872 /* AppDelegate.swift */ = {isa = PBXFileReference; lastKnownFileType = sourcecode.swift; path = AppDelegate.swift; sourceTree = "<group>"; };
		52D0FC411C1E70A100281872 /* ViewController.swift */ = {isa = PBXFileReference; lastKnownFileType = sourcecode.swift; path = ViewController.swift; sourceTree = "<group>"; };
		52D0FC441C1E70A100281872 /* Base */ = {isa = PBXFileReference; lastKnownFileType = file.storyboard; name = Base; path = Base.lproj/Main.storyboard; sourceTree = "<group>"; };
		52D0FC461C1E70A100281872 /* Assets.xcassets */ = {isa = PBXFileReference; lastKnownFileType = folder.assetcatalog; path = Assets.xcassets; sourceTree = "<group>"; };
		52D0FC491C1E70A100281872 /* Base */ = {isa = PBXFileReference; lastKnownFileType = file.storyboard; name = Base; path = Base.lproj/LaunchScreen.storyboard; sourceTree = "<group>"; };
		52D0FC4B1C1E70A100281872 /* Info.plist */ = {isa = PBXFileReference; lastKnownFileType = text.plist.xml; path = Info.plist; sourceTree = "<group>"; };
		52D0FC501C1E70A100281872 /* Password(Swift)Tests.xctest */ = {isa = PBXFileReference; explicitFileType = wrapper.cfbundle; includeInIndex = 0; path = "Password(Swift)Tests.xctest"; sourceTree = BUILT_PRODUCTS_DIR; };
		52D0FC541C1E70A100281872 /* Password_Swift_Tests.swift */ = {isa = PBXFileReference; lastKnownFileType = sourcecode.swift; path = Password_Swift_Tests.swift; sourceTree = "<group>"; };
		52D0FC561C1E70A100281872 /* Info.plist */ = {isa = PBXFileReference; lastKnownFileType = text.plist.xml; path = Info.plist; sourceTree = "<group>"; };
		52D0FC5B1C1E70A100281872 /* Password(Swift)UITests.xctest */ = {isa = PBXFileReference; explicitFileType = wrapper.cfbundle; includeInIndex = 0; path = "Password(Swift)UITests.xctest"; sourceTree = BUILT_PRODUCTS_DIR; };
		52D0FC5F1C1E70A100281872 /* Password_Swift_UITests.swift */ = {isa = PBXFileReference; lastKnownFileType = sourcecode.swift; path = Password_Swift_UITests.swift; sourceTree = "<group>"; };
		52D0FC611C1E70A100281872 /* Info.plist */ = {isa = PBXFileReference; lastKnownFileType = text.plist.xml; path = Info.plist; sourceTree = "<group>"; };
		52D0FC6D1C1E70DA00281872 /* ZSPasswordView.swift */ = {isa = PBXFileReference; fileEncoding = 4; lastKnownFileType = sourcecode.swift; path = ZSPasswordView.swift; sourceTree = "<group>"; };
/* End PBXFileReference section */

/* Begin PBXFrameworksBuildPhase section */
		52D0FC391C1E70A100281872 /* Frameworks */ = {
			isa = PBXFrameworksBuildPhase;
			buildActionMask = 2147483647;
			files = (
			);
			runOnlyForDeploymentPostprocessing = 0;
		};
		52D0FC4D1C1E70A100281872 /* Frameworks */ = {
			isa = PBXFrameworksBuildPhase;
			buildActionMask = 2147483647;
			files = (
			);
			runOnlyForDeploymentPostprocessing = 0;
		};
		52D0FC581C1E70A100281872 /* Frameworks */ = {
			isa = PBXFrameworksBuildPhase;
			buildActionMask = 2147483647;
			files = (
			);
			runOnlyForDeploymentPostprocessing = 0;
		};
/* End PBXFrameworksBuildPhase section */

/* Begin PBXGroup section */
		52D0FC331C1E70A100281872 = {
			isa = PBXGroup;
			children = (
				52D0FC3E1C1E70A100281872 /* Password(Swift) */,
				52D0FC531C1E70A100281872 /* Password(Swift)Tests */,
				52D0FC5E1C1E70A100281872 /* Password(Swift)UITests */,
				52D0FC3D1C1E70A100281872 /* Products */,
			);
			sourceTree = "<group>";
		};
		52D0FC3D1C1E70A100281872 /* Products */ = {
			isa = PBXGroup;
			children = (
				52D0FC3C1C1E70A100281872 /* Password(Swift).app */,
				52D0FC501C1E70A100281872 /* Password(Swift)Tests.xctest */,
				52D0FC5B1C1E70A100281872 /* Password(Swift)UITests.xctest */,
			);
			name = Products;
			sourceTree = "<group>";
		};
		52D0FC3E1C1E70A100281872 /* Password(Swift) */ = {
			isa = PBXGroup;
			children = (
				52D0FC3F1C1E70A100281872 /* AppDelegate.swift */,
				52D0FC411C1E70A100281872 /* ViewController.swift */,
				52D0FC431C1E70A100281872 /* Main.storyboard */,
				52D0FC461C1E70A100281872 /* Assets.xcassets */,
				52D0FC481C1E70A100281872 /* LaunchScreen.storyboard */,
				52D0FC4B1C1E70A100281872 /* Info.plist */,
				52D0FC6D1C1E70DA00281872 /* ZSPasswordView.swift */,
			);
			path = "Password(Swift)";
			sourceTree = "<group>";
		};
		52D0FC531C1E70A100281872 /* Password(Swift)Tests */ = {
			isa = PBXGroup;
			children = (
				52D0FC541C1E70A100281872 /* Password_Swift_Tests.swift */,
				52D0FC561C1E70A100281872 /* Info.plist */,
			);
			path = "Password(Swift)Tests";
			sourceTree = "<group>";
		};
		52D0FC5E1C1E70A100281872 /* Password(Swift)UITests */ = {
			isa = PBXGroup;
			children = (
				52D0FC5F1C1E70A100281872 /* Password_Swift_UITests.swift */,
				52D0FC611C1E70A100281872 /* Info.plist */,
			);
			path = "Password(Swift)UITests";
			sourceTree = "<group>";
		};
/* End PBXGroup section */

/* Begin PBXNativeTarget section */
		52D0FC3B1C1E70A100281872 /* Password(Swift) */ = {
			isa = PBXNativeTarget;
			buildConfigurationList = 52D0FC641C1E70A100281872 /* Build configuration list for PBXNativeTarget "Password(Swift)" */;
			buildPhases = (
				52D0FC381C1E70A100281872 /* Sources */,
				52D0FC391C1E70A100281872 /* Frameworks */,
				52D0FC3A1C1E70A100281872 /* Resources */,
			);
			buildRules = (
			);
			dependencies = (
			);
			name = "Password(Swift)";
			productName = "Password(Swift)";
			productReference = 52D0FC3C1C1E70A100281872 /* Password(Swift).app */;
			productType = "com.apple.product-type.application";
		};
		52D0FC4F1C1E70A100281872 /* Password(Swift)Tests */ = {
			isa = PBXNativeTarget;
			buildConfigurationList = 52D0FC671C1E70A100281872 /* Build configuration list for PBXNativeTarget "Password(Swift)Tests" */;
			buildPhases = (
				52D0FC4C1C1E70A100281872 /* Sources */,
				52D0FC4D1C1E70A100281872 /* Frameworks */,
				52D0FC4E1C1E70A100281872 /* Resources */,
			);
			buildRules = (
			);
			dependencies = (
				52D0FC521C1E70A100281872 /* PBXTargetDependency */,
			);
			name = "Password(Swift)Tests";
			productName = "Password(Swift)Tests";
			productReference = 52D0FC501C1E70A100281872 /* Password(Swift)Tests.xctest */;
			productType = "com.apple.product-type.bundle.unit-test";
		};
		52D0FC5A1C1E70A100281872 /* Password(Swift)UITests */ = {
			isa = PBXNativeTarget;
			buildConfigurationList = 52D0FC6A1C1E70A100281872 /* Build configuration list for PBXNativeTarget "Password(Swift)UITests" */;
			buildPhases = (
				52D0FC571C1E70A100281872 /* Sources */,
				52D0FC581C1E70A100281872 /* Frameworks */,
				52D0FC591C1E70A100281872 /* Resources */,
			);
			buildRules = (
			);
			dependencies = (
				52D0FC5D1C1E70A100281872 /* PBXTargetDependency */,
			);
			name = "Password(Swift)UITests";
			productName = "Password(Swift)UITests";
			productReference = 52D0FC5B1C1E70A100281872 /* Password(Swift)UITests.xctest */;
			productType = "com.apple.product-type.bundle.ui-testing";
		};
/* End PBXNativeTarget section */

/* Begin PBXProject section */
		52D0FC341C1E70A100281872 /* Project object */ = {
			isa = PBXProject;
			attributes = {
				LastSwiftUpdateCheck = 0710;
				LastUpgradeCheck = 0710;
				ORGANIZATIONNAME = "张森";
				TargetAttributes = {
					52D0FC3B1C1E70A100281872 = {
						CreatedOnToolsVersion = 7.1;
						DevelopmentTeam = 4F8F9YP4NS;
					};
					52D0FC4F1C1E70A100281872 = {
						CreatedOnToolsVersion = 7.1;
						DevelopmentTeam = 4F8F9YP4NS;
						TestTargetID = 52D0FC3B1C1E70A100281872;
					};
					52D0FC5A1C1E70A100281872 = {
						CreatedOnToolsVersion = 7.1;
						DevelopmentTeam = 4F8F9YP4NS;
						TestTargetID = 52D0FC3B1C1E70A100281872;
					};
				};
			};
			buildConfigurationList = 52D0FC371C1E70A100281872 /* Build configuration list for PBXProject "Password(Swift)" */;
			compatibilityVersion = "Xcode 3.2";
			developmentRegion = English;
			hasScannedForEncodings = 0;
			knownRegions = (
				English,
				en,
				Base,
			);
			mainGroup = 52D0FC331C1E70A100281872;
			productRefGroup = 52D0FC3D1C1E70A100281872 /* Products */;
			projectDirPath = "";
			projectRoot = "";
			targets = (
				52D0FC3B1C1E70A100281872 /* Password(Swift) */,
				52D0FC4F1C1E70A100281872 /* Password(Swift)Tests */,
				52D0FC5A1C1E70A100281872 /* Password(Swift)UITests */,
			);
		};
/* End PBXProject section */

/* Begin PBXResourcesBuildPhase section */
		52D0FC3A1C1E70A100281872 /* Resources */ = {
			isa = PBXResourcesBuildPhase;
			buildActionMask = 2147483647;
			files = (
				52D0FC4A1C1E70A100281872 /* LaunchScreen.storyboard in Resources */,
				52D0FC471C1E70A100281872 /* Assets.xcassets in Resources */,
				52D0FC451C1E70A100281872 /* Main.storyboard in Resources */,
			);
			runOnlyForDeploymentPostprocessing = 0;
		};
		52D0FC4E1C1E70A100281872 /* Resources */ = {
			isa = PBXResourcesBuildPhase;
			buildActionMask = 2147483647;
			files = (
			);
			runOnlyForDeploymentPostprocessing = 0;
		};
		52D0FC591C1E70A100281872 /* Resources */ = {
			isa = PBXResourcesBuildPhase;
			buildActionMask = 2147483647;
			files = (
			);
			runOnlyForDeploymentPostprocessing = 0;
		};
/* End PBXResourcesBuildPhase section */

/* Begin PBXSourcesBuildPhase section */
		52D0FC381C1E70A100281872 /* Sources */ = {
			isa = PBXSourcesBuildPhase;
			buildActionMask = 2147483647;
			files = (
				52D0FC6E1C1E70DA00281872 /* ZSPasswordView.swift in Sources */,
				52D0FC421C1E70A100281872 /* ViewController.swift in Sources */,
				52D0FC401C1E70A100281872 /* AppDelegate.swift in Sources */,
			);
			runOnlyForDeploymentPostprocessing = 0;
		};
		52D0FC4C1C1E70A100281872 /* Sources */ = {
			isa = PBXSourcesBuildPhase;
			buildActionMask = 2147483647;
			files = (
				52D0FC551C1E70A100281872 /* Password_Swift_Tests.swift in Sources */,
			);
			runOnlyForDeploymentPostprocessing = 0;
		};
		52D0FC571C1E70A100281872 /* Sources */ = {
			isa = PBXSourcesBuildPhase;
			buildActionMask = 2147483647;
			files = (
				52D0FC601C1E70A100281872 /* Password_Swift_UITests.swift in Sources */,
			);
			runOnlyForDeploymentPostprocessing = 0;
		};
/* End PBXSourcesBuildPhase section */

/* Begin PBXTargetDependency section */
		52D0FC521C1E70A100281872 /* PBXTargetDependency */ = {
			isa = PBXTargetDependency;
			target = 52D0FC3B1C1E70A100281872 /* Password(Swift) */;
			targetProxy = 52D0FC511C1E70A100281872 /* PBXContainerItemProxy */;
		};
		52D0FC5D1C1E70A100281872 /* PBXTargetDependency */ = {
			isa = PBXTargetDependency;
			target = 52D0FC3B1C1E70A100281872 /* Password(Swift) */;
			targetProxy = 52D0FC5C1C1E70A100281872 /* PBXContainerItemProxy */;
		};
/* End PBXTargetDependency section */

/* Begin PBXVariantGroup section */
		52D0FC431C1E70A100281872 /* Main.storyboard */ = {
			isa = PBXVariantGroup;
			children = (
				52D0FC441C1E70A100281872 /* Base */,
			);
			name = Main.storyboard;
			sourceTree = "<group>";
		};
		52D0FC481C1E70A100281872 /* LaunchScreen.storyboard */ = {
			isa = PBXVariantGroup;
			children = (
				52D0FC491C1E70A100281872 /* Base */,
			);
			name = LaunchScreen.storyboard;
			sourceTree = "<group>";
		};
/* End PBXVariantGroup section */

/* Begin XCBuildConfiguration section */
		52D0FC621C1E70A100281872 /* Debug */ = {
			isa = XCBuildConfiguration;
			buildSettings = {
				ALWAYS_SEARCH_USER_PATHS = NO;
				CLANG_CXX_LANGUAGE_STANDARD = "gnu++0x";
				CLANG_CXX_LIBRARY = "libc++";
				CLANG_ENABLE_MODULES = YES;
				CLANG_ENABLE_OBJC_ARC = YES;
				CLANG_WARN_BOOL_CONVERSION = YES;
				CLANG_WARN_CONSTANT_CONVERSION = YES;
				CLANG_WARN_DIRECT_OBJC_ISA_USAGE = YES_ERROR;
				CLANG_WARN_EMPTY_BODY = YES;
				CLANG_WARN_ENUM_CONVERSION = YES;
				CLANG_WARN_INT_CONVERSION = YES;
				CLANG_WARN_OBJC_ROOT_CLASS = YES_ERROR;
				CLANG_WARN_UNREACHABLE_CODE = YES;
				CLANG_WARN__DUPLICATE_METHOD_MATCH = YES;
				"CODE_SIGN_IDENTITY[sdk=iphoneos*]" = "iPhone Developer";
				COPY_PHASE_STRIP = NO;
				DEBUG_INFORMATION_FORMAT = dwarf;
				ENABLE_STRICT_OBJC_MSGSEND = YES;
				ENABLE_TESTABILITY = YES;
				GCC_C_LANGUAGE_STANDARD = gnu99;
				GCC_DYNAMIC_NO_PIC = NO;
				GCC_NO_COMMON_BLOCKS = YES;
				GCC_OPTIMIZATION_LEVEL = 0;
				GCC_PREPROCESSOR_DEFINITIONS = (
					"DEBUG=1",
					"$(inherited)",
				);
				GCC_WARN_64_TO_32_BIT_CONVERSION = YES;
				GCC_WARN_ABOUT_RETURN_TYPE = YES_ERROR;
				GCC_WARN_UNDECLARED_SELECTOR = YES;
				GCC_WARN_UNINITIALIZED_AUTOS = YES_AGGRESSIVE;
				GCC_WARN_UNUSED_FUNCTION = YES;
				GCC_WARN_UNUSED_VARIABLE = YES;
				IPHONEOS_DEPLOYMENT_TARGET = 9.1;
				MTL_ENABLE_DEBUG_INFO = YES;
				ONLY_ACTIVE_ARCH = YES;
				SDKROOT = iphoneos;
				SWIFT_OPTIMIZATION_LEVEL = "-Onone";
				SWIFT_VERSION = 5.0;
			};
			name = Debug;
		};
		52D0FC631C1E70A100281872 /* Release */ = {
			isa = XCBuildConfiguration;
			buildSettings = {
				ALWAYS_SEARCH_USER_PATHS = NO;
				CLANG_CXX_LANGUAGE_STANDARD = "gnu++0x";
				CLANG_CXX_LIBRARY = "libc++";
				CLANG_ENABLE_MODULES = YES;
				CLANG_ENABLE_OBJC_ARC = YES;
				CLANG_WARN_BOOL_CONVERSION = YES;
				CLANG_WARN_CONSTANT_CONVERSION = YES;
				CLANG_WARN_DIRECT_OBJC_ISA_USAGE = YES_ERROR;
				CLANG_WARN_EMPTY_BODY = YES;
				CLANG_WARN_ENUM_CONVERSION = YES;
				CLANG_WARN_INT_CONVERSION = YES;
				CLANG_WARN_OBJC_ROOT_CLASS = YES_ERROR;
				CLANG_WARN_UNREACHABLE_CODE = YES;
				CLANG_WARN__DUPLICATE_METHOD_MATCH = YES;
				"CODE_SIGN_IDENTITY[sdk=iphoneos*]" = "iPhone Developer";
				COPY_PHASE_STRIP = NO;
				DEBUG_INFORMATION_FORMAT = "dwarf-with-dsym";
				ENABLE_NS_ASSERTIONS = NO;
				ENABLE_STRICT_OBJC_MSGSEND = YES;
				GCC_C_LANGUAGE_STANDARD = gnu99;
				GCC_NO_COMMON_BLOCKS = YES;
				GCC_WARN_64_TO_32_BIT_CONVERSION = YES;
				GCC_WARN_ABOUT_RETURN_TYPE = YES_ERROR;
				GCC_WARN_UNDECLARED_SELECTOR = YES;
				GCC_WARN_UNINITIALIZED_AUTOS = YES_AGGRESSIVE;
				GCC_WARN_UNUSED_FUNCTION = YES;
				GCC_WARN_UNUSED_VARIABLE = YES;
				IPHONEOS_DEPLOYMENT_TARGET = 9.1;
				MTL_ENABLE_DEBUG_INFO = NO;
				SDKROOT = iphoneos;
				SWIFT_VERSION = 5.0;
				VALIDATE_PRODUCT = YES;
			};
			name = Release;
		};
		52D0FC651C1E70A100281872 /* Debug */ = {
			isa = XCBuildConfiguration;
			buildSettings = {
				ASSETCATALOG_COMPILER_APPICON_NAME = AppIcon;
				INFOPLIST_FILE = "Password(Swift)/Info.plist";
				LD_RUNPATH_SEARCH_PATHS = "$(inherited) @executable_path/Frameworks";
				PRODUCT_BUNDLE_IDENTIFIER = "com.zhangsen.Password-Swift-";
				PRODUCT_NAME = "$(TARGET_NAME)";
				SWIFT_VERSION = 5.0;
			};
			name = Debug;
		};
		52D0FC661C1E70A100281872 /* Release */ = {
			isa = XCBuildConfiguration;
			buildSettings = {
				ASSETCATALOG_COMPILER_APPICON_NAME = AppIcon;
				INFOPLIST_FILE = "Password(Swift)/Info.plist";
				LD_RUNPATH_SEARCH_PATHS = "$(inherited) @executable_path/Frameworks";
				PRODUCT_BUNDLE_IDENTIFIER = "com.zhangsen.Password-Swift-";
				PRODUCT_NAME = "$(TARGET_NAME)";
				SWIFT_VERSION = 5.0;
			};
			name = Release;
		};
		52D0FC681C1E70A100281872 /* Debug */ = {
			isa = XCBuildConfiguration;
			buildSettings = {
				BUNDLE_LOADER = "$(TEST_HOST)";
				INFOPLIST_FILE = "Password(Swift)Tests/Info.plist";
				LD_RUNPATH_SEARCH_PATHS = "$(inherited) @executable_path/Frameworks @loader_path/Frameworks";
				PRODUCT_BUNDLE_IDENTIFIER = "com.zhangsen.Password-Swift-Tests";
				PRODUCT_NAME = "$(TARGET_NAME)";
				TEST_HOST = "$(BUILT_PRODUCTS_DIR)/Password(Swift).app/Password(Swift)";
			};
			name = Debug;
		};
		52D0FC691C1E70A100281872 /* Release */ = {
			isa = XCBuildConfiguration;
			buildSettings = {
				BUNDLE_LOADER = "$(TEST_HOST)";
				INFOPLIST_FILE = "Password(Swift)Tests/Info.plist";
				LD_RUNPATH_SEARCH_PATHS = "$(inherited) @executable_path/Frameworks @loader_path/Frameworks";
				PRODUCT_BUNDLE_IDENTIFIER = "com.zhangsen.Password-Swift-Tests";
				PRODUCT_NAME = "$(TARGET_NAME)";
				TEST_HOST = "$(BUILT_PRODUCTS_DIR)/Password(Swift).app/Password(Swift)";
			};
			name = Release;
		};
		52D0FC6B1C1E70A100281872 /* Debug */ = {
			isa = XCBuildConfiguration;
			buildSettings = {
				INFOPLIST_FILE = "Password(Swift)UITests/Info.plist";
				LD_RUNPATH_SEARCH_PATHS = "$(inherited) @executable_path/Frameworks @loader_path/Frameworks";
				PRODUCT_BUNDLE_IDENTIFIER = "com.zhangsen.Password-Swift-UITests";
				PRODUCT_NAME = "$(TARGET_NAME)";
				TEST_TARGET_NAME = "Password(Swift)";
				USES_XCTRUNNER = YES;
			};
			name = Debug;
		};
		52D0FC6C1C1E70A100281872 /* Release */ = {
			isa = XCBuildConfiguration;
			buildSettings = {
				INFOPLIST_FILE = "Password(Swift)UITests/Info.plist";
				LD_RUNPATH_SEARCH_PATHS = "$(inherited) @executable_path/Frameworks @loader_path/Frameworks";
				PRODUCT_BUNDLE_IDENTIFIER = "com.zhangsen.Password-Swift-UITests";
				PRODUCT_NAME = "$(TARGET_NAME)";
				TEST_TARGET_NAME = "Password(Swift)";
				USES_XCTRUNNER = YES;
			};
			name = Release;
		};
/* End XCBuildConfiguration section */

/* Begin XCConfigurationList section */
		52D0FC371C1E70A100281872 /* Build configuration list for PBXProject "Password(Swift)" */ = {
			isa = XCConfigurationList;
			buildConfigurations = (
				52D0FC621C1E70A100281872 /* Debug */,
				52D0FC631C1E70A100281872 /* Release */,
			);
			defaultConfigurationIsVisible = 0;
			defaultConfigurationName = Release;
		};
		52D0FC641C1E70A100281872 /* Build configuration list for PBXNativeTarget "Password(Swift)" */ = {
			isa = XCConfigurationList;
			buildConfigurations = (
				52D0FC651C1E70A100281872 /* Debug */,
				52D0FC661C1E70A100281872 /* Release */,
			);
			defaultConfigurationIsVisible = 0;
			defaultConfigurationName = Release;
		};
		52D0FC671C1E70A100281872 /* Build configuration list for PBXNativeTarget "Password(Swift)Tests" */ = {
			isa = XCConfigurationList;
			buildConfigurations = (
				52D0FC681C1E70A100281872 /* Debug */,
				52D0FC691C1E70A100281872 /* Release */,
			);
			defaultConfigurationIsVisible = 0;
			defaultConfigurationName = Release;
		};
		52D0FC6A1C1E70A100281872 /* Build configuration list for PBXNativeTarget "Password(Swift)UITests" */ = {
			isa = XCConfigurationList;
			buildConfigurations = (
				52D0FC6B1C1E70A100281872 /* Debug */,
				52D0FC6C1C1E70A100281872 /* Release */,
			);
			defaultConfigurationIsVisible = 0;
			defaultConfigurationName = Release;
		};
/* End XCConfigurationList section */
	};
	rootObject = 52D0FC341C1E70A100281872 /* Project object */;
}
